
Microsoft Visual Studio Solution File, Format Version 12.00
Project("{FAE04EC0-301F-11D3-BF4B-00C04F79EFBC}") = "WarpTesting", "WarpTesting\WarpTesting.csproj", "{149523EF-F369-4E11-8F30-735D391CCC80}"
EndProject
Global
	GlobalSection(SolutionConfigurationPlatforms) = preSolution
		Debug|Any CPU = Debug|Any CPU
		Release|Any CPU = Release|Any CPU
	EndGlobalSection
	GlobalSection(ProjectConfigurationPlatforms) = postSolution
		{149523EF-F369-4E11-8F30-735D391CCC80}.Debug|Any CPU.ActiveCfg = Debug|Any CPU
		{149523EF-F369-4E11-8F30-735D391CCC80}.Debug|Any CPU.Build.0 = Debug|Any CPU
		{149523EF-F369-4E11-8F30-735D391CCC80}.Release|Any CPU.ActiveCfg = Release|Any CPU
		{149523EF-F369-4E11-8F30-735D391CCC80}.Release|Any CPU.Build.0 = Release|Any CPU
	EndGlobalSection
EndGlobal
